// !$*UTF8*$!
{
	archiveVersion = 1;
	classes = {
	};
	objectVersion = 52;
	objects = {

/* Begin PBXBuildFile section */
		CFB742DA253086B40083797A /* amalgamated.cpp in Sources */ = {isa = PBXBuildFile; fileRef = CFB742D9253086B40083797A /* amalgamated.cpp */; platformFilter = ios; };
		CFB742DC2530883D0083797A /* amalgamated.mm in Sources */ = {isa = PBXBuildFile; fileRef = CFB742DB2530883D0083797A /* amalgamated.mm */; platformFilter = ios; };
		CFB742E2253088990083797A /* image.cpp in Sources */ = {isa = PBXBuildFile; fileRef = CFB742DD253088980083797A /* image.cpp */; platformFilter = ios; };
		CFB742E3253088990083797A /* image_cubemap_filter.cpp in Sources */ = {isa = PBXBuildFile; fileRef = CFB742DE253088980083797A /* image_cubemap_filter.cpp */; platformFilter = ios; };
		CFB742E4253088990083797A /* image_decode.cpp in Sources */ = {isa = PBXBuildFile; fileRef = CFB742DF253088980083797A /* image_decode.cpp */; platformFilter = ios; };
		CFB742E5253088990083797A /* image_encode.cpp in Sources */ = {isa = PBXBuildFile; fileRef = CFB742E0253088980083797A /* image_encode.cpp */; platformFilter = ios; };
		CFB742E6253088990083797A /* image_gnf.cpp in Sources */ = {isa = PBXBuildFile; fileRef = CFB742E1253088990083797A /* image_gnf.cpp */; platformFilter = ios; };
		CFB742F2253089120083797A /* footprint.cc in Sources */ = {isa = PBXBuildFile; fileRef = CFB742E7253089120083797A /* footprint.cc */; platformFilter = ios; };
		CFB742F3253089120083797A /* astc_file.cc in Sources */ = {isa = PBXBuildFile; fileRef = CFB742E8253089120083797A /* astc_file.cc */; platformFilter = ios; };
		CFB742F4253089120083797A /* weight_infill.cc in Sources */ = {isa = PBXBuildFile; fileRef = CFB742E9253089120083797A /* weight_infill.cc */; platformFilter = ios; };
		CFB742F5253089120083797A /* codec.cc in Sources */ = {isa = PBXBuildFile; fileRef = CFB742EA253089120083797A /* codec.cc */; platformFilter = ios; };
		CFB742F6253089120083797A /* intermediate_astc_block.cc in Sources */ = {isa = PBXBuildFile; fileRef = CFB742EB253089120083797A /* intermediate_astc_block.cc */; platformFilter = ios; };
		CFB742F7253089120083797A /* integer_sequence_codec.cc in Sources */ = {isa = PBXBuildFile; fileRef = CFB742EC253089120083797A /* integer_sequence_codec.cc */; platformFilter = ios; };
		CFB742F8253089120083797A /* endpoint_codec.cc in Sources */ = {isa = PBXBuildFile; fileRef = CFB742ED253089120083797A /* endpoint_codec.cc */; platformFilter = ios; };
		CFB742F9253089120083797A /* logical_astc_block.cc in Sources */ = {isa = PBXBuildFile; fileRef = CFB742EE253089120083797A /* logical_astc_block.cc */; platformFilter = ios; };
		CFB742FA253089120083797A /* partition.cc in Sources */ = {isa = PBXBuildFile; fileRef = CFB742EF253089120083797A /* partition.cc */; platformFilter = ios; };
		CFB742FB253089120083797A /* quantization.cc in Sources */ = {isa = PBXBuildFile; fileRef = CFB742F0253089120083797A /* quantization.cc */; platformFilter = ios; };
		CFB742FC253089120083797A /* physical_astc_block.cc in Sources */ = {isa = PBXBuildFile; fileRef = CFB742F1253089120083797A /* physical_astc_block.cc */; platformFilter = ios; };
/* End PBXBuildFile section */

/* Begin PBXContainerItemProxy section */
		B80213EB247555076D098B8B /* PBXContainerItemProxy */ = {
			isa = PBXContainerItemProxy;
			containerPortal = DD621D7D49297A99928408FC /* bx.xcodeproj */;
			proxyType = 2;
			remoteGlobalIDString = D5D335834140F17D0A3489DB;
			remoteInfo = libbxDebug.a;
		};
/* End PBXContainerItemProxy section */

/* Begin PBXFileReference section */
		02DC17D86E13606F771DC492 /* libbgfxDebug.a */ = {isa = PBXFileReference; explicitFileType = archive.ar; includeInIndex = 0; path = libbgfxDebug.a; sourceTree = BUILT_PRODUCTS_DIR; };
		1F574F4D0BA83A8F340C2951 /* bgfx.h */ = {isa = PBXFileReference; lastKnownFileType = sourcecode.c.h; path = bgfx.h; sourceTree = "<group>"; };
		46DA26D4B2487C53FB313753 /* platform.h */ = {isa = PBXFileReference; lastKnownFileType = sourcecode.c.h; path = platform.h; sourceTree = "<group>"; };
		7BD0CE9F6721BAE19085A8A3 /* defines.h */ = {isa = PBXFileReference; lastKnownFileType = sourcecode.c.h; path = defines.h; sourceTree = "<group>"; };
		CFB742D9253086B40083797A /* amalgamated.cpp */ = {isa = PBXFileReference; lastKnownFileType = sourcecode.cpp.cpp; name = amalgamated.cpp; path = ../../3rdparty/bx/src/amalgamated.cpp; sourceTree = SOURCE_ROOT; };
		CFB742DB2530883D0083797A /* amalgamated.mm */ = {isa = PBXFileReference; lastKnownFileType = sourcecode.cpp.objcpp; name = amalgamated.mm; path = ../../3rdparty/bgfx/src/amalgamated.mm; sourceTree = SOURCE_ROOT; };
		CFB742DD253088980083797A /* image.cpp */ = {isa = PBXFileReference; lastKnownFileType = sourcecode.cpp.cpp; name = image.cpp; path = ../../3rdparty/bimg/src/image.cpp; sourceTree = SOURCE_ROOT; };
		CFB742DE253088980083797A /* image_cubemap_filter.cpp */ = {isa = PBXFileReference; lastKnownFileType = sourcecode.cpp.cpp; name = image_cubemap_filter.cpp; path = ../../3rdparty/bimg/src/image_cubemap_filter.cpp; sourceTree = SOURCE_ROOT; };
		CFB742DF253088980083797A /* image_decode.cpp */ = {isa = PBXFileReference; lastKnownFileType = sourcecode.cpp.cpp; name = image_decode.cpp; path = ../../3rdparty/bimg/src/image_decode.cpp; sourceTree = SOURCE_ROOT; };
		CFB742E0253088980083797A /* image_encode.cpp */ = {isa = PBXFileReference; lastKnownFileType = sourcecode.cpp.cpp; name = image_encode.cpp; path = ../../3rdparty/bimg/src/image_encode.cpp; sourceTree = SOURCE_ROOT; };
		CFB742E1253088990083797A /* image_gnf.cpp */ = {isa = PBXFileReference; lastKnownFileType = sourcecode.cpp.cpp; name = image_gnf.cpp; path = ../../3rdparty/bimg/src/image_gnf.cpp; sourceTree = SOURCE_ROOT; };
		CFB742E7253089120083797A /* footprint.cc */ = {isa = PBXFileReference; lastKnownFileType = sourcecode.cpp.cpp; name = footprint.cc; path = "../../3rdparty/bimg/3rdparty/astc-codec/src/decoder/footprint.cc"; sourceTree = SOURCE_ROOT; };
		CFB742E8253089120083797A /* astc_file.cc */ = {isa = PBXFileReference; lastKnownFileType = sourcecode.cpp.cpp; name = astc_file.cc; path = "../../3rdparty/bimg/3rdparty/astc-codec/src/decoder/astc_file.cc"; sourceTree = SOURCE_ROOT; };
		CFB742E9253089120083797A /* weight_infill.cc */ = {isa = PBXFileReference; lastKnownFileType = sourcecode.cpp.cpp; name = weight_infill.cc; path = "../../3rdparty/bimg/3rdparty/astc-codec/src/decoder/weight_infill.cc"; sourceTree = SOURCE_ROOT; };
		CFB742EA253089120083797A /* codec.cc */ = {isa = PBXFileReference; lastKnownFileType = sourcecode.cpp.cpp; name = codec.cc; path = "../../3rdparty/bimg/3rdparty/astc-codec/src/decoder/codec.cc"; sourceTree = SOURCE_ROOT; };
		CFB742EB253089120083797A /* intermediate_astc_block.cc */ = {isa = PBXFileReference; lastKnownFileType = sourcecode.cpp.cpp; name = intermediate_astc_block.cc; path = "../../3rdparty/bimg/3rdparty/astc-codec/src/decoder/intermediate_astc_block.cc"; sourceTree = SOURCE_ROOT; };
		CFB742EC253089120083797A /* integer_sequence_codec.cc */ = {isa = PBXFileReference; lastKnownFileType = sourcecode.cpp.cpp; name = integer_sequence_codec.cc; path = "../../3rdparty/bimg/3rdparty/astc-codec/src/decoder/integer_sequence_codec.cc"; sourceTree = SOURCE_ROOT; };
		CFB742ED253089120083797A /* endpoint_codec.cc */ = {isa = PBXFileReference; lastKnownFileType = sourcecode.cpp.cpp; name = endpoint_codec.cc; path = "../../3rdparty/bimg/3rdparty/astc-codec/src/decoder/endpoint_codec.cc"; sourceTree = SOURCE_ROOT; };
		CFB742EE253089120083797A /* logical_astc_block.cc */ = {isa = PBXFileReference; lastKnownFileType = sourcecode.cpp.cpp; name = logical_astc_block.cc; path = "../../3rdparty/bimg/3rdparty/astc-codec/src/decoder/logical_astc_block.cc"; sourceTree = SOURCE_ROOT; };
		CFB742EF253089120083797A /* partition.cc */ = {isa = PBXFileReference; lastKnownFileType = sourcecode.cpp.cpp; name = partition.cc; path = "../../3rdparty/bimg/3rdparty/astc-codec/src/decoder/partition.cc"; sourceTree = SOURCE_ROOT; };
		CFB742F0253089120083797A /* quantization.cc */ = {isa = PBXFileReference; lastKnownFileType = sourcecode.cpp.cpp; name = quantization.cc; path = "../../3rdparty/bimg/3rdparty/astc-codec/src/decoder/quantization.cc"; sourceTree = SOURCE_ROOT; };
		CFB742F1253089120083797A /* physical_astc_block.cc */ = {isa = PBXFileReference; lastKnownFileType = sourcecode.cpp.cpp; name = physical_astc_block.cc; path = "../../3rdparty/bimg/3rdparty/astc-codec/src/decoder/physical_astc_block.cc"; sourceTree = SOURCE_ROOT; };
		D836B716C4F1A6C26DA91F0D /* bgfx.h */ = {isa = PBXFileReference; lastKnownFileType = sourcecode.c.h; path = bgfx.h; sourceTree = "<group>"; };
		DD621D7D49297A99928408FC /* bx.xcodeproj */ = {isa = PBXFileReference; lastKnownFileType = "wrapper.pb-project"; path = bx.xcodeproj; sourceTree = SOURCE_ROOT; };
		DF815891CBFE4BD4F47B4CE8 /* embedded_shader.h */ = {isa = PBXFileReference; lastKnownFileType = sourcecode.c.h; path = embedded_shader.h; sourceTree = "<group>"; };
		E60CA7FF52258E291BD21DC3 /* bgfx.natvis */ = {isa = PBXFileReference; lastKnownFileType = text; path = bgfx.natvis; sourceTree = "<group>"; };
/* End PBXFileReference section */

/* Begin PBXFrameworksBuildPhase section */
		BB62D07AA7E0201490D8DEAB /* Frameworks */ = {
			isa = PBXFrameworksBuildPhase;
			buildActionMask = 2147483647;
			files = (
			);
			runOnlyForDeploymentPostprocessing = 0;
		};
/* End PBXFrameworksBuildPhase section */

/* Begin PBXGroup section */
		0B504C4C77BC074740B09FA4 /* bgfx */ = {
			isa = PBXGroup;
			children = (
				D836B716C4F1A6C26DA91F0D /* bgfx.h */,
				B2392FA01EFC622A67ACF1B6 /* c99 */,
				7BD0CE9F6721BAE19085A8A3 /* defines.h */,
				DF815891CBFE4BD4F47B4CE8 /* embedded_shader.h */,
				46DA26D4B2487C53FB313753 /* platform.h */,
			);
			path = bgfx;
			sourceTree = "<group>";
		};
		49410650B5A2E35D3E102A10 /* Products */ = {
			isa = PBXGroup;
			children = (
				02DC17D86E13606F771DC492 /* libbgfxDebug.a */,
			);
			name = Products;
			sourceTree = "<group>";
		};
		600AD78DCC6BB49B55D9FA4D /* Projects */ = {
			isa = PBXGroup;
			children = (
				DD621D7D49297A99928408FC /* bx.xcodeproj */,
			);
			name = Projects;
			path = .;
			sourceTree = "<group>";
		};
		77D50C5463AA54078C599403 /* Products */ = {
			isa = PBXGroup;
			children = (
				51954329BD59421986BF72E3 /* libbxDebug.a */,
			);
			name = Products;
			sourceTree = "<group>";
		};
		8CFE5F86F8145E1C418CE93D /* scripts */ = {
			isa = PBXGroup;
			children = (
				E60CA7FF52258E291BD21DC3 /* bgfx.natvis */,
			);
			name = scripts;
			path = ../../../scripts;
			sourceTree = "<group>";
		};
		96F61A2A02B79660CBF1DFDD /* bgfx */ = {
			isa = PBXGroup;
			children = (
				CFB742E8253089120083797A /* astc_file.cc */,
				CFB742EA253089120083797A /* codec.cc */,
				CFB742ED253089120083797A /* endpoint_codec.cc */,
				CFB742E7253089120083797A /* footprint.cc */,
				CFB742EC253089120083797A /* integer_sequence_codec.cc */,
				CFB742EB253089120083797A /* intermediate_astc_block.cc */,
				CFB742EE253089120083797A /* logical_astc_block.cc */,
				CFB742EF253089120083797A /* partition.cc */,
				CFB742F1253089120083797A /* physical_astc_block.cc */,
				CFB742F0253089120083797A /* quantization.cc */,
				CFB742E9253089120083797A /* weight_infill.cc */,
				CFB742DE253088980083797A /* image_cubemap_filter.cpp */,
				CFB742DF253088980083797A /* image_decode.cpp */,
				CFB742E0253088980083797A /* image_encode.cpp */,
				CFB742E1253088990083797A /* image_gnf.cpp */,
				CFB742DD253088980083797A /* image.cpp */,
				CFB742DB2530883D0083797A /* amalgamated.mm */,
				CFB742D9253086B40083797A /* amalgamated.cpp */,
				D42868C1C0218713E9536C98 /* include */,
				8CFE5F86F8145E1C418CE93D /* scripts */,
				49410650B5A2E35D3E102A10 /* Products */,
				600AD78DCC6BB49B55D9FA4D /* Projects */,
			);
			name = bgfx;
			path = .;
			sourceTree = "<group>";
		};
		B2392FA01EFC622A67ACF1B6 /* c99 */ = {
			isa = PBXGroup;
			children = (
				1F574F4D0BA83A8F340C2951 /* bgfx.h */,
			);
			path = c99;
			sourceTree = "<group>";
		};
		D42868C1C0218713E9536C98 /* include */ = {
			isa = PBXGroup;
			children = (
				0B504C4C77BC074740B09FA4 /* bgfx */,
			);
			name = include;
			path = ../../../include;
			sourceTree = "<group>";
		};
/* End PBXGroup section */

/* Begin PBXNativeTarget section */
		A853C66B944DEFBD7DBA85CE /* bgfx */ = {
			isa = PBXNativeTarget;
			buildConfigurationList = 0040EEC7ECBD3E61D5B5FCF8 /* Build configuration list for PBXNativeTarget "bgfx" */;
			buildPhases = (
				8280E3896EFE332357F6F1BA /* Resources */,
				7198DBB85D162C52460EEAE9 /* Sources */,
				BB62D07AA7E0201490D8DEAB /* Frameworks */,
			);
			buildRules = (
			);
			dependencies = (
			);
			name = bgfx;
			productName = bgfx;
			productReference = 02DC17D86E13606F771DC492 /* libbgfxDebug.a */;
			productType = "com.apple.product-type.library.static";
		};
/* End PBXNativeTarget section */

/* Begin PBXProject section */
		__RootObject_ /* Project object */ = {
			isa = PBXProject;
			attributes = {
			};
			buildConfigurationList = 1DEB928908733DD80010E9CD /* Build configuration list for PBXProject "bgfx" */;
			compatibilityVersion = "Xcode 8.0";
			developmentRegion = en;
			hasScannedForEncodings = 1;
			knownRegions = (
				en,
				Base,
			);
			mainGroup = 96F61A2A02B79660CBF1DFDD /* bgfx */;
			projectDirPath = "";
			projectReferences = (
				{
					ProductGroup = 77D50C5463AA54078C599403 /* Products */;
					ProjectRef = DD621D7D49297A99928408FC /* bx.xcodeproj */;
				},
			);
			projectRoot = "";
			targets = (
				A853C66B944DEFBD7DBA85CE /* bgfx */,
			);
		};
/* End PBXProject section */

/* Begin PBXReferenceProxy section */
		51954329BD59421986BF72E3 /* libbxDebug.a */ = {
			isa = PBXReferenceProxy;
			fileType = archive.ar;
			path = libbxDebug.a;
			remoteRef = B80213EB247555076D098B8B /* PBXContainerItemProxy */;
			sourceTree = BUILT_PRODUCTS_DIR;
		};
/* End PBXReferenceProxy section */

/* Begin PBXResourcesBuildPhase section */
		8280E3896EFE332357F6F1BA /* Resources */ = {
			isa = PBXResourcesBuildPhase;
			buildActionMask = 2147483647;
			files = (
			);
			runOnlyForDeploymentPostprocessing = 0;
		};
/* End PBXResourcesBuildPhase section */

/* Begin PBXSourcesBuildPhase section */
		7198DBB85D162C52460EEAE9 /* Sources */ = {
			isa = PBXSourcesBuildPhase;
			buildActionMask = 2147483647;
			files = (
				CFB742F2253089120083797A /* footprint.cc in Sources */,
				CFB742F3253089120083797A /* astc_file.cc in Sources */,
				CFB742F4253089120083797A /* weight_infill.cc in Sources */,
				CFB742F5253089120083797A /* codec.cc in Sources */,
				CFB742F6253089120083797A /* intermediate_astc_block.cc in Sources */,
				CFB742F7253089120083797A /* integer_sequence_codec.cc in Sources */,
				CFB742F8253089120083797A /* endpoint_codec.cc in Sources */,
				CFB742F9253089120083797A /* logical_astc_block.cc in Sources */,
				CFB742FA253089120083797A /* partition.cc in Sources */,
				CFB742FB253089120083797A /* quantization.cc in Sources */,
				CFB742FC253089120083797A /* physical_astc_block.cc in Sources */,
				CFB742E2253088990083797A /* image.cpp in Sources */,
				CFB742E3253088990083797A /* image_cubemap_filter.cpp in Sources */,
				CFB742E4253088990083797A /* image_decode.cpp in Sources */,
				CFB742E5253088990083797A /* image_encode.cpp in Sources */,
				CFB742E6253088990083797A /* image_gnf.cpp in Sources */,
				CFB742DC2530883D0083797A /* amalgamated.mm in Sources */,
				CFB742DA253086B40083797A /* amalgamated.cpp in Sources */,
			);
			runOnlyForDeploymentPostprocessing = 0;
		};
/* End PBXSourcesBuildPhase section */

/* Begin XCBuildConfiguration section */
		64DF744950C63641F9169D5E /* Release */ = {
			isa = XCBuildConfiguration;
			buildSettings = {
				ALWAYS_SEARCH_USER_PATHS = NO;
				CONFIGURATION_BUILD_DIR = "../../ios-arm/bin";
				EXCLUDED_SOURCE_FILE_NAMES = "";
				GCC_DYNAMIC_NO_PIC = NO;
				GCC_MODEL_TUNING = G5;
				HEADER_SEARCH_PATHS = (
					../../3rdparty/bgfx/3rdparty/khronos,
					../../3rdparty/bimg/3rdparty/iqa/include,
					"../../3rdparty/bimg/3rdparty/astc-codec/include",
					"../../3rdparty/bimg/3rdparty/astc-codec",
					../../3rdparty/bimg/3rdparty,
					../../3rdparty/bimg/src,
					../../3rdparty/bimg/include,
					../../3rdparty/bx/3rdparty,
					../../3rdparty/bgfx/include,
					../../3rdparty/bx/include,
					../../3rdparty/bx/include/compat/ios,
				);
				INSTALL_PATH = /usr/local/lib;
				IPHONEOS_DEPLOYMENT_TARGET = 8.0;
				OTHER_CFLAGS = (
					"-ffast-math",
					"-fomit-frame-pointer",
					"-Wfatal-errors",
					"-Wunused-value",
					"-Wundef",
					"-DBGFX_CONFIG_RENDERER_METAL",
					"-frtti",
				);
				OTHER_CPLUSPLUSFLAGS = (
					"-ffast-math",
					"-fomit-frame-pointer",
					"-Wfatal-errors",
					"-Wunused-value",
					"-Wundef",
					"-DBGFX_CONFIG_RENDERER_METAL",
					"-frtti",
				);
				PRODUCT_NAME = bgfxRelease;
			};
			name = Release;
		};
		AA556DC29691702CFFA38823 /* Debug */ = {
			isa = XCBuildConfiguration;
			buildSettings = {
				ALWAYS_SEARCH_USER_PATHS = NO;
				CONFIGURATION_BUILD_DIR = "../../ios-arm/bin";
				EXCLUDED_SOURCE_FILE_NAMES = "";
				GCC_DYNAMIC_NO_PIC = NO;
				GCC_MODEL_TUNING = G5;
				HEADER_SEARCH_PATHS = (
					../../3rdparty/bgfx/3rdparty/khronos,
					../../3rdparty/bimg/3rdparty/iqa/include,
					"../../3rdparty/bimg/3rdparty/astc-codec/include",
					"../../3rdparty/bimg/3rdparty/astc-codec",
					../../3rdparty/bimg/3rdparty,
					../../3rdparty/bimg/src,
					../../3rdparty/bimg/include,
					../../3rdparty/bx/3rdparty,
					../../3rdparty/bgfx/include,
					../../3rdparty/bx/include,
					../../3rdparty/bx/include/compat/ios,
				);
				INSTALL_PATH = /usr/local/lib;
				IPHONEOS_DEPLOYMENT_TARGET = 8.0;
				OTHER_CFLAGS = (
					"-ffast-math",
					"-fomit-frame-pointer",
					"-Wfatal-errors",
					"-Wunused-value",
					"-Wundef",
					"-DBGFX_CONFIG_RENDERER_METAL",
					"-frtti",
				);
				OTHER_CPLUSPLUSFLAGS = (
					"-ffast-math",
					"-fomit-frame-pointer",
					"-Wfatal-errors",
					"-Wunused-value",
					"-Wundef",
					"-DBGFX_CONFIG_RENDERER_METAL",
					"-frtti",
				);
				PRODUCT_NAME = bgfxDebug;
			};
			name = Debug;
		};
		BA1D19E0260128202F04565C /* Debug */ = {
			isa = XCBuildConfiguration;
			buildSettings = {
				ARCHS = "$(ARCHS_STANDARD_32_64_BIT)";
				CLANG_CXX_LANGUAGE_STANDARD = "c++14";
				CLANG_WARN_BOOL_CONVERSION = YES;
				CLANG_WARN_CONSTANT_CONVERSION = YES;
				CLANG_WARN_EMPTY_BODY = YES;
				CLANG_WARN_ENUM_CONVERSION = YES;
				CLANG_WARN_INFINITE_RECURSION = YES;
				CLANG_WARN_INT_CONVERSION = YES;
				CLANG_WARN_SUSPICIOUS_MOVE = YES;
				CLANG_WARN_UNREACHABLE_CODE = YES;
				CLANG_WARN__DUPLICATE_METHOD_MATCH = YES;
				CONFIGURATION_BUILD_DIR = "$(SYMROOT)";
				CONFIGURATION_TEMP_DIR = "$(OBJROOT)";
				COPY_PHASE_STRIP = NO;
				ENABLE_STRICT_OBJC_MSGSEND = YES;
				ENABLE_TESTABILITY = YES;
				EXCLUDED_SOURCE_FILE_NAMES = (
					"*/src/amalgamated.cpp",
					"*/src/amalgamated.mm",
				);
				GCC_C_LANGUAGE_STANDARD = gnu99;
				GCC_ENABLE_CPP_EXCEPTIONS = NO;
				GCC_ENABLE_CPP_RTTI = NO;
				GCC_ENABLE_OBJC_EXCEPTIONS = NO;
				GCC_NO_COMMON_BLOCKS = YES;
				GCC_OPTIMIZATION_LEVEL = 0;
				GCC_PREPROCESSOR_DEFINITIONS = (
					__STDC_LIMIT_MACROS,
					__STDC_FORMAT_MACROS,
					__STDC_CONSTANT_MACROS,
					_DEBUG,
					"BGFX_CONFIG_DEBUG=1",
				);
				GCC_SYMBOLS_PRIVATE_EXTERN = NO;
				GCC_WARN_64_TO_32_BIT_CONVERSION = YES;
				GCC_WARN_ABOUT_RETURN_TYPE = YES;
				GCC_WARN_UNDECLARED_SELECTOR = YES;
				GCC_WARN_UNINITIALIZED_AUTOS = YES;
				GCC_WARN_UNUSED_FUNCTION = YES;
				GCC_WARN_UNUSED_VARIABLE = YES;
				HEADER_SEARCH_PATHS = (
					../../../../bx/include/compat/ios,
					../../../3rdparty,
					../../../../bx/include,
					../../../../bimg/include,
					../../../3rdparty/khronos,
					../../../include,
				);
				OBJROOT = "../../ios-arm/obj/Universal/Debug/bgfx";
				ONLY_ACTIVE_ARCH = YES;
				OTHER_CFLAGS = (
					"-ffast-math",
					"-fomit-frame-pointer",
					"-Wfatal-errors",
					"-Wunused-value",
					"-Wundef",
				);
				OTHER_CPLUSPLUSFLAGS = (
					"-ffast-math",
					"-fomit-frame-pointer",
					"-Wfatal-errors",
					"-Wunused-value",
					"-Wundef",
				);
				OTHER_LDFLAGS = "-lc++";
				SDKROOT = iphoneos;
				STANDARD_C_PLUS_PLUS_LIBRARY_TYPE = static;
				SYMROOT = "../../ios-arm/bin";
				WARNING_CFLAGS = "-Wall";
			};
			name = Debug;
		};
		D5EACE03415924838A42DF82 /* Release */ = {
			isa = XCBuildConfiguration;
			buildSettings = {
				ARCHS = "$(ARCHS_STANDARD_32_64_BIT)";
				CLANG_CXX_LANGUAGE_STANDARD = "c++14";
				CLANG_WARN_BOOL_CONVERSION = YES;
				CLANG_WARN_CONSTANT_CONVERSION = YES;
				CLANG_WARN_EMPTY_BODY = YES;
				CLANG_WARN_ENUM_CONVERSION = YES;
				CLANG_WARN_INFINITE_RECURSION = YES;
				CLANG_WARN_INT_CONVERSION = YES;
				CLANG_WARN_SUSPICIOUS_MOVE = YES;
				CLANG_WARN_UNREACHABLE_CODE = YES;
				CLANG_WARN__DUPLICATE_METHOD_MATCH = YES;
				CONFIGURATION_BUILD_DIR = "$(SYMROOT)";
				CONFIGURATION_TEMP_DIR = "$(OBJROOT)";
				COPY_PHASE_STRIP = NO;
				ENABLE_STRICT_OBJC_MSGSEND = YES;
				ENABLE_TESTABILITY = YES;
				EXCLUDED_SOURCE_FILE_NAMES = (
					"*/src/amalgamated.cpp",
					"*/src/amalgamated.mm",
				);
				GCC_C_LANGUAGE_STANDARD = gnu99;
				GCC_ENABLE_CPP_EXCEPTIONS = NO;
				GCC_ENABLE_CPP_RTTI = NO;
				GCC_ENABLE_OBJC_EXCEPTIONS = NO;
				GCC_NO_COMMON_BLOCKS = YES;
				GCC_OPTIMIZATION_LEVEL = 3;
				GCC_PREPROCESSOR_DEFINITIONS = (
					__STDC_LIMIT_MACROS,
					__STDC_FORMAT_MACROS,
					__STDC_CONSTANT_MACROS,
					NDEBUG,
				);
				GCC_SYMBOLS_PRIVATE_EXTERN = NO;
				GCC_WARN_64_TO_32_BIT_CONVERSION = YES;
				GCC_WARN_ABOUT_RETURN_TYPE = YES;
				GCC_WARN_UNDECLARED_SELECTOR = YES;
				GCC_WARN_UNINITIALIZED_AUTOS = YES;
				GCC_WARN_UNUSED_FUNCTION = YES;
				GCC_WARN_UNUSED_VARIABLE = YES;
				HEADER_SEARCH_PATHS = (
					../../../../bx/include/compat/ios,
					../../../3rdparty,
					../../../../bx/include,
					../../../../bimg/include,
					../../../3rdparty/khronos,
					../../../include,
				);
				OBJROOT = "../../ios-arm/obj/Universal/Release/bgfx";
				ONLY_ACTIVE_ARCH = YES;
				OTHER_CFLAGS = (
					"-ffast-math",
					"-fomit-frame-pointer",
					"-Wfatal-errors",
					"-Wunused-value",
					"-Wundef",
				);
				OTHER_CPLUSPLUSFLAGS = (
					"-ffast-math",
					"-fomit-frame-pointer",
					"-Wfatal-errors",
					"-Wunused-value",
					"-Wundef",
				);
				OTHER_LDFLAGS = "-lc++";
				SDKROOT = iphoneos;
				STANDARD_C_PLUS_PLUS_LIBRARY_TYPE = static;
				SYMROOT = "../../ios-arm/bin";
				WARNING_CFLAGS = "-Wall";
			};
			name = Release;
		};
/* End XCBuildConfiguration section */

/* Begin XCConfigurationList section */
		0040EEC7ECBD3E61D5B5FCF8 /* Build configuration list for PBXNativeTarget "bgfx" */ = {
			isa = XCConfigurationList;
			buildConfigurations = (
				AA556DC29691702CFFA38823 /* Debug */,
				64DF744950C63641F9169D5E /* Release */,
			);
			defaultConfigurationIsVisible = 0;
			defaultConfigurationName = Debug;
		};
		1DEB928908733DD80010E9CD /* Build configuration list for PBXProject "bgfx" */ = {
			isa = XCConfigurationList;
			buildConfigurations = (
				BA1D19E0260128202F04565C /* Debug */,
				D5EACE03415924838A42DF82 /* Release */,
			);
			defaultConfigurationIsVisible = 0;
			defaultConfigurationName = Debug;
		};
/* End XCConfigurationList section */
	};
	rootObject = __RootObject_ /* Project object */;
}
